
Microsoft Visual Studio Solution File, Format Version 12.00
# Visual Studio 14
VisualStudioVersion = 14.0.23107.0
MinimumVisualStudioVersion = 10.0.40219.1
Project("{FAE04EC0-301F-11D3-BF4B-00C04F79EFBC}") = "Calc", "Calc\Calc.csproj", "{893C4C18-5834-41B8-AB48-9BB8EB6B80D5}"
EndProject
Project("{2150E333-8FDC-42A3-9474-1A3956D46DE8}") = "Core", "Core", "{9D49124A-F8D9-4BF2-876A-AD96AB42F020}"
EndProject
Project("{FAE04EC0-301F-11D3-BF4B-00C04F79EFBC}") = "Calc.Test", "Calc.Test\Calc.Test.csproj", "{4F2E46C7-3133-4BEB-9EAE-36ED77F1D1E6}"
EndProject
Project("{FAE04EC0-301F-11D3-BF4B-00C04F79EFBC}") = "History", "History\History.csproj", "{4931A1A1-E052-4804-8285-014C953CF50F}"
EndProject
Project("{2150E333-8FDC-42A3-9474-1A3956D46DE8}") = "Forms", "Forms", "{C69F4EE8-225A-489D-89DE-9CC40E389EAD}"
EndProject
Project("{FAE04EC0-301F-11D3-BF4B-00C04F79EFBC}") = "Calculator", "Calculator\Calculator.csproj", "{8BA7E0E7-AA9F-4B5A-A614-7EB98A0FC213}"
EndProject
Project("{2150E333-8FDC-42A3-9474-1A3956D46DE8}") = "Web", "Web", "{1A24BAA7-A851-4CDB-BF6A-FB22937897EA}"
EndProject
Project("{FAE04EC0-301F-11D3-BF4B-00C04F79EFBC}") = "WebCalc", "..\..\..\..\Desktop\calc\WebCalc\WebCalc.csproj", "{1E660F30-D1E5-4355-B4B7-505D4D3A69B4}"
EndProject
Project("{FAE04EC0-301F-11D3-BF4B-00C04F79EFBC}") = "Domain", "Domain\Domain.csproj", "{A7499744-CDAD-4569-8F81-D264C81819C3}"
EndProject
Global
	GlobalSection(SolutionConfigurationPlatforms) = preSolution
		Debug|Any CPU = Debug|Any CPU
		Release|Any CPU = Release|Any CPU
	EndGlobalSection
	GlobalSection(ProjectConfigurationPlatforms) = postSolution
		{893C4C18-5834-41B8-AB48-9BB8EB6B80D5}.Debug|Any CPU.ActiveCfg = Debug|Any CPU
		{893C4C18-5834-41B8-AB48-9BB8EB6B80D5}.Debug|Any CPU.Build.0 = Debug|Any CPU
		{893C4C18-5834-41B8-AB48-9BB8EB6B80D5}.Release|Any CPU.ActiveCfg = Release|Any CPU
		{893C4C18-5834-41B8-AB48-9BB8EB6B80D5}.Release|Any CPU.Build.0 = Release|Any CPU
		{4F2E46C7-3133-4BEB-9EAE-36ED77F1D1E6}.Debug|Any CPU.ActiveCfg = Debug|Any CPU
		{4F2E46C7-3133-4BEB-9EAE-36ED77F1D1E6}.Debug|Any CPU.Build.0 = Debug|Any CPU
		{4F2E46C7-3133-4BEB-9EAE-36ED77F1D1E6}.Release|Any CPU.ActiveCfg = Release|Any CPU
		{4F2E46C7-3133-4BEB-9EAE-36ED77F1D1E6}.Release|Any CPU.Build.0 = Release|Any CPU
		{4931A1A1-E052-4804-8285-014C953CF50F}.Debug|Any CPU.ActiveCfg = Debug|Any CPU
		{4931A1A1-E052-4804-8285-014C953CF50F}.Debug|Any CPU.Build.0 = Debug|Any CPU
		{4931A1A1-E052-4804-8285-014C953CF50F}.Release|Any CPU.ActiveCfg = Release|Any CPU
		{4931A1A1-E052-4804-8285-014C953CF50F}.Release|Any CPU.Build.0 = Release|Any CPU
		{8BA7E0E7-AA9F-4B5A-A614-7EB98A0FC213}.Debug|Any CPU.ActiveCfg = Debug|Any CPU
		{8BA7E0E7-AA9F-4B5A-A614-7EB98A0FC213}.Debug|Any CPU.Build.0 = Debug|Any CPU
		{8BA7E0E7-AA9F-4B5A-A614-7EB98A0FC213}.Release|Any CPU.ActiveCfg = Release|Any CPU
		{8BA7E0E7-AA9F-4B5A-A614-7EB98A0FC213}.Release|Any CPU.Build.0 = Release|Any CPU
		{1E660F30-D1E5-4355-B4B7-505D4D3A69B4}.Debug|Any CPU.ActiveCfg = Debug|Any CPU
		{1E660F30-D1E5-4355-B4B7-505D4D3A69B4}.Debug|Any CPU.Build.0 = Debug|Any CPU
		{1E660F30-D1E5-4355-B4B7-505D4D3A69B4}.Release|Any CPU.ActiveCfg = Release|Any CPU
		{1E660F30-D1E5-4355-B4B7-505D4D3A69B4}.Release|Any CPU.Build.0 = Release|Any CPU
		{A7499744-CDAD-4569-8F81-D264C81819C3}.Debug|Any CPU.ActiveCfg = Debug|Any CPU
		{A7499744-CDAD-4569-8F81-D264C81819C3}.Debug|Any CPU.Build.0 = Debug|Any CPU
		{A7499744-CDAD-4569-8F81-D264C81819C3}.Release|Any CPU.ActiveCfg = Release|Any CPU
		{A7499744-CDAD-4569-8F81-D264C81819C3}.Release|Any CPU.Build.0 = Release|Any CPU
	EndGlobalSection
	GlobalSection(SolutionProperties) = preSolution
		HideSolutionNode = FALSE
	EndGlobalSection
	GlobalSection(NestedProjects) = preSolution
		{893C4C18-5834-41B8-AB48-9BB8EB6B80D5} = {9D49124A-F8D9-4BF2-876A-AD96AB42F020}
		{4F2E46C7-3133-4BEB-9EAE-36ED77F1D1E6} = {9D49124A-F8D9-4BF2-876A-AD96AB42F020}
		{4931A1A1-E052-4804-8285-014C953CF50F} = {9D49124A-F8D9-4BF2-876A-AD96AB42F020}
		{8BA7E0E7-AA9F-4B5A-A614-7EB98A0FC213} = {C69F4EE8-225A-489D-89DE-9CC40E389EAD}
		{1E660F30-D1E5-4355-B4B7-505D4D3A69B4} = {1A24BAA7-A851-4CDB-BF6A-FB22937897EA}
		{A7499744-CDAD-4569-8F81-D264C81819C3} = {1A24BAA7-A851-4CDB-BF6A-FB22937897EA}
	EndGlobalSection
EndGlobal
